
Microsoft Visual Studio Solution File, Format Version 12.00
# Visual Studio Version 17
VisualStudioVersion = 17.7.34024.191
MinimumVisualStudioVersion = 10.0.40219.1
Project("{9A19103F-16F7-4668-BE54-9A1E7A4F7556}") = "ParkingSystem", "ParkingSystem.csproj", "{FB48EF01-5CF2-4D85-B70B-45C3257BC97B}"
EndProject
Global
	GlobalSection(SolutionConfigurationPlatforms) = preSolution
		Debug|Any CPU = Debug|Any CPU
		Release|Any CPU = Release|Any CPU
	EndGlobalSection
	GlobalSection(ProjectConfigurationPlatforms) = postSolution
		{FB48EF01-5CF2-4D85-B70B-45C3257BC97B}.Debug|Any CPU.ActiveCfg = Debug|Any CPU
		{FB48EF01-5CF2-4D85-B70B-45C3257BC97B}.Debug|Any CPU.Build.0 = Debug|Any CPU
		{FB48EF01-5CF2-4D85-B70B-45C3257BC97B}.Release|Any CPU.ActiveCfg = Release|Any CPU
		{FB48EF01-5CF2-4D85-B70B-45C3257BC97B}.Release|Any CPU.Build.0 = Release|Any CPU
	EndGlobalSection
	GlobalSection(SolutionProperties) = preSolution
		HideSolutionNode = FALSE
	EndGlobalSection
	GlobalSection(ExtensibilityGlobals) = postSolution
		SolutionGuid = {E71A1673-08A9-438C-B759-1F908329745B}
	EndGlobalSection
EndGlobal
